// !$*UTF8*$!
{
	archiveVersion = 1;
	classes = {
	};
	objectVersion = 52;
	objects = {

/* Begin PBXBuildFile section */
		AD6769D726380FA80029BFAB /* AppDelegate.swift in Sources */ = {isa = PBXBuildFile; fileRef = AD6769D626380FA80029BFAB /* AppDelegate.swift */; };
		AD6769D926380FA80029BFAB /* SceneDelegate.swift in Sources */ = {isa = PBXBuildFile; fileRef = AD6769D826380FA80029BFAB /* SceneDelegate.swift */; };
		AD6769DB26380FA80029BFAB /* JsonplaceholderVC.swift in Sources */ = {isa = PBXBuildFile; fileRef = AD6769DA26380FA80029BFAB /* JsonplaceholderVC.swift */; };
		AD6769DE26380FA80029BFAB /* Main.storyboard in Resources */ = {isa = PBXBuildFile; fileRef = AD6769DC26380FA80029BFAB /* Main.storyboard */; };
		AD6769E026380FA80029BFAB /* Assets.xcassets in Resources */ = {isa = PBXBuildFile; fileRef = AD6769DF26380FA80029BFAB /* Assets.xcassets */; };
		AD6769E326380FA80029BFAB /* LaunchScreen.storyboard in Resources */ = {isa = PBXBuildFile; fileRef = AD6769E126380FA80029BFAB /* LaunchScreen.storyboard */; };
		AD6769F226382BD70029BFAB /* ApiManager.swift in Sources */ = {isa = PBXBuildFile; fileRef = AD6769EF26382BD70029BFAB /* ApiManager.swift */; };
		AD676A0726382C100029BFAB /* APIError.swift in Sources */ = {isa = PBXBuildFile; fileRef = AD6769F726382C100029BFAB /* APIError.swift */; };
		AD676A0826382C100029BFAB /* NetworkRouter.swift in Sources */ = {isa = PBXBuildFile; fileRef = AD6769F926382C100029BFAB /* NetworkRouter.swift */; };
		AD676A0926382C100029BFAB /* HTTPTask.swift in Sources */ = {isa = PBXBuildFile; fileRef = AD6769FA26382C100029BFAB /* HTTPTask.swift */; };
		AD676A0A26382C100029BFAB /* ParameterEncoding.swift in Sources */ = {isa = PBXBuildFile; fileRef = AD6769FB26382C100029BFAB /* ParameterEncoding.swift */; };
		AD676A0B26382C100029BFAB /* Decision.swift in Sources */ = {isa = PBXBuildFile; fileRef = AD6769FC26382C100029BFAB /* Decision.swift */; };
		AD676A0C26382C100029BFAB /* Request.swift in Sources */ = {isa = PBXBuildFile; fileRef = AD6769FD26382C100029BFAB /* Request.swift */; };
		AD676A0E26382C100029BFAB /* Observable.swift in Sources */ = {isa = PBXBuildFile; fileRef = AD676A0026382C100029BFAB /* Observable.swift */; };
		AD676A0F26382C100029BFAB /* ParseResultDecision.swift in Sources */ = {isa = PBXBuildFile; fileRef = AD676A0226382C100029BFAB /* ParseResultDecision.swift */; };
		AD676A1026382C100029BFAB /* RetryDecision.swift in Sources */ = {isa = PBXBuildFile; fileRef = AD676A0326382C100029BFAB /* RetryDecision.swift */; };
		AD676A1126382C100029BFAB /* Decisions.swift in Sources */ = {isa = PBXBuildFile; fileRef = AD676A0426382C100029BFAB /* Decisions.swift */; };
		AD676A1226382C100029BFAB /* BadResponseStatusCodeDecision.swift in Sources */ = {isa = PBXBuildFile; fileRef = AD676A0526382C100029BFAB /* BadResponseStatusCodeDecision.swift */; };
		AD676A1326382C100029BFAB /* Router.swift in Sources */ = {isa = PBXBuildFile; fileRef = AD676A0626382C100029BFAB /* Router.swift */; };
		AD676A22263832250029BFAB /* JsonplaceholderRequest.swift in Sources */ = {isa = PBXBuildFile; fileRef = AD676A20263832250029BFAB /* JsonplaceholderRequest.swift */; };
		AD676A23263832250029BFAB /* JsonplaceholderData.swift in Sources */ = {isa = PBXBuildFile; fileRef = AD676A21263832250029BFAB /* JsonplaceholderData.swift */; };
		AD676A30263835A50029BFAB /* ViewModel.swift in Sources */ = {isa = PBXBuildFile; fileRef = AD676A2F263835A50029BFAB /* ViewModel.swift */; };
		AD676A35263839D10029BFAB /* JsonplaceholderTableViewCell.swift in Sources */ = {isa = PBXBuildFile; fileRef = AD676A34263839D10029BFAB /* JsonplaceholderTableViewCell.swift */; };
		AD676A38263839F30029BFAB /* UIViewExtensions.swift in Sources */ = {isa = PBXBuildFile; fileRef = AD676A37263839F30029BFAB /* UIViewExtensions.swift */; };
		AD676A3B26383A050029BFAB /* FCUITableView_Extension.swift in Sources */ = {isa = PBXBuildFile; fileRef = AD676A3A26383A050029BFAB /* FCUITableView_Extension.swift */; };
		AD676A4226383AAB0029BFAB /* FCBaseDialog.swift in Sources */ = {isa = PBXBuildFile; fileRef = AD676A4026383AAB0029BFAB /* FCBaseDialog.swift */; };
		AD676A4326383AAB0029BFAB /* FCBaseDialog.xib in Resources */ = {isa = PBXBuildFile; fileRef = AD676A4126383AAB0029BFAB /* FCBaseDialog.xib */; };
		AD676A4826383AD10029BFAB /* FCLoadingDialog.xib in Resources */ = {isa = PBXBuildFile; fileRef = AD676A4626383AD10029BFAB /* FCLoadingDialog.xib */; };
		AD676A4926383AD10029BFAB /* FCLoadingDialog.swift in Sources */ = {isa = PBXBuildFile; fileRef = AD676A4726383AD10029BFAB /* FCLoadingDialog.swift */; };
		AD676A4C26383C320029BFAB /* TableViewModel.swift in Sources */ = {isa = PBXBuildFile; fileRef = AD676A4B26383C320029BFAB /* TableViewModel.swift */; };
		AD676A5126383CD50029BFAB /* SnapKit in Frameworks */ = {isa = PBXBuildFile; productRef = AD676A5026383CD50029BFAB /* SnapKit */; };
		AD676A55263843F20029BFAB /* Kingfisher in Frameworks */ = {isa = PBXBuildFile; productRef = AD676A54263843F20029BFAB /* Kingfisher */; };
/* End PBXBuildFile section */

/* Begin PBXFileReference section */
		AD6769D326380FA80029BFAB /* InnoTestDemoApp.app */ = {isa = PBXFileReference; explicitFileType = wrapper.application; includeInIndex = 0; path = InnoTestDemoApp.app; sourceTree = BUILT_PRODUCTS_DIR; };
		AD6769D626380FA80029BFAB /* AppDelegate.swift */ = {isa = PBXFileReference; lastKnownFileType = sourcecode.swift; path = AppDelegate.swift; sourceTree = "<group>"; };
		AD6769D826380FA80029BFAB /* SceneDelegate.swift */ = {isa = PBXFileReference; lastKnownFileType = sourcecode.swift; path = SceneDelegate.swift; sourceTree = "<group>"; };
		AD6769DA26380FA80029BFAB /* JsonplaceholderVC.swift */ = {isa = PBXFileReference; lastKnownFileType = sourcecode.swift; path = JsonplaceholderVC.swift; sourceTree = "<group>"; };
		AD6769DD26380FA80029BFAB /* Base */ = {isa = PBXFileReference; lastKnownFileType = file.storyboard; name = Base; path = Base.lproj/Main.storyboard; sourceTree = "<group>"; };
		AD6769DF26380FA80029BFAB /* Assets.xcassets */ = {isa = PBXFileReference; lastKnownFileType = folder.assetcatalog; path = Assets.xcassets; sourceTree = "<group>"; };
		AD6769E226380FA80029BFAB /* Base */ = {isa = PBXFileReference; lastKnownFileType = file.storyboard; name = Base; path = Base.lproj/LaunchScreen.storyboard; sourceTree = "<group>"; };
		AD6769E426380FA80029BFAB /* Info.plist */ = {isa = PBXFileReference; lastKnownFileType = text.plist.xml; path = Info.plist; sourceTree = "<group>"; };
		AD6769EF26382BD70029BFAB /* ApiManager.swift */ = {isa = PBXFileReference; fileEncoding = 4; lastKnownFileType = sourcecode.swift; path = ApiManager.swift; sourceTree = "<group>"; };
		AD6769F726382C100029BFAB /* APIError.swift */ = {isa = PBXFileReference; fileEncoding = 4; lastKnownFileType = sourcecode.swift; path = APIError.swift; sourceTree = "<group>"; };
		AD6769F926382C100029BFAB /* NetworkRouter.swift */ = {isa = PBXFileReference; fileEncoding = 4; lastKnownFileType = sourcecode.swift; path = NetworkRouter.swift; sourceTree = "<group>"; };
		AD6769FA26382C100029BFAB /* HTTPTask.swift */ = {isa = PBXFileReference; fileEncoding = 4; lastKnownFileType = sourcecode.swift; path = HTTPTask.swift; sourceTree = "<group>"; };
		AD6769FB26382C100029BFAB /* ParameterEncoding.swift */ = {isa = PBXFileReference; fileEncoding = 4; lastKnownFileType = sourcecode.swift; path = ParameterEncoding.swift; sourceTree = "<group>"; };
		AD6769FC26382C100029BFAB /* Decision.swift */ = {isa = PBXFileReference; fileEncoding = 4; lastKnownFileType = sourcecode.swift; path = Decision.swift; sourceTree = "<group>"; };
		AD6769FD26382C100029BFAB /* Request.swift */ = {isa = PBXFileReference; fileEncoding = 4; lastKnownFileType = sourcecode.swift; path = Request.swift; sourceTree = "<group>"; };
		AD676A0026382C100029BFAB /* Observable.swift */ = {isa = PBXFileReference; fileEncoding = 4; lastKnownFileType = sourcecode.swift; path = Observable.swift; sourceTree = "<group>"; };
		AD676A0226382C100029BFAB /* ParseResultDecision.swift */ = {isa = PBXFileReference; fileEncoding = 4; lastKnownFileType = sourcecode.swift; path = ParseResultDecision.swift; sourceTree = "<group>"; };
		AD676A0326382C100029BFAB /* RetryDecision.swift */ = {isa = PBXFileReference; fileEncoding = 4; lastKnownFileType = sourcecode.swift; path = RetryDecision.swift; sourceTree = "<group>"; };
		AD676A0426382C100029BFAB /* Decisions.swift */ = {isa = PBXFileReference; fileEncoding = 4; lastKnownFileType = sourcecode.swift; path = Decisions.swift; sourceTree = "<group>"; };
		AD676A0526382C100029BFAB /* BadResponseStatusCodeDecision.swift */ = {isa = PBXFileReference; fileEncoding = 4; lastKnownFileType = sourcecode.swift; path = BadResponseStatusCodeDecision.swift; sourceTree = "<group>"; };
		AD676A0626382C100029BFAB /* Router.swift */ = {isa = PBXFileReference; fileEncoding = 4; lastKnownFileType = sourcecode.swift; path = Router.swift; sourceTree = "<group>"; };
		AD676A20263832250029BFAB /* JsonplaceholderRequest.swift */ = {isa = PBXFileReference; fileEncoding = 4; lastKnownFileType = sourcecode.swift; path = JsonplaceholderRequest.swift; sourceTree = "<group>"; };
		AD676A21263832250029BFAB /* JsonplaceholderData.swift */ = {isa = PBXFileReference; fileEncoding = 4; lastKnownFileType = sourcecode.swift; path = JsonplaceholderData.swift; sourceTree = "<group>"; };
		AD676A2F263835A50029BFAB /* ViewModel.swift */ = {isa = PBXFileReference; lastKnownFileType = sourcecode.swift; path = ViewModel.swift; sourceTree = "<group>"; };
		AD676A34263839D10029BFAB /* JsonplaceholderTableViewCell.swift */ = {isa = PBXFileReference; lastKnownFileType = sourcecode.swift; path = JsonplaceholderTableViewCell.swift; sourceTree = "<group>"; };
		AD676A37263839F30029BFAB /* UIViewExtensions.swift */ = {isa = PBXFileReference; fileEncoding = 4; lastKnownFileType = sourcecode.swift; path = UIViewExtensions.swift; sourceTree = "<group>"; };
		AD676A3A26383A050029BFAB /* FCUITableView_Extension.swift */ = {isa = PBXFileReference; fileEncoding = 4; lastKnownFileType = sourcecode.swift; path = FCUITableView_Extension.swift; sourceTree = "<group>"; };
		AD676A4026383AAB0029BFAB /* FCBaseDialog.swift */ = {isa = PBXFileReference; fileEncoding = 4; lastKnownFileType = sourcecode.swift; path = FCBaseDialog.swift; sourceTree = "<group>"; };
		AD676A4126383AAB0029BFAB /* FCBaseDialog.xib */ = {isa = PBXFileReference; fileEncoding = 4; lastKnownFileType = file.xib; path = FCBaseDialog.xib; sourceTree = "<group>"; };
		AD676A4626383AD10029BFAB /* FCLoadingDialog.xib */ = {isa = PBXFileReference; fileEncoding = 4; lastKnownFileType = file.xib; path = FCLoadingDialog.xib; sourceTree = "<group>"; };
		AD676A4726383AD10029BFAB /* FCLoadingDialog.swift */ = {isa = PBXFileReference; fileEncoding = 4; lastKnownFileType = sourcecode.swift; path = FCLoadingDialog.swift; sourceTree = "<group>"; };
		AD676A4B26383C320029BFAB /* TableViewModel.swift */ = {isa = PBXFileReference; fileEncoding = 4; lastKnownFileType = sourcecode.swift; path = TableViewModel.swift; sourceTree = "<group>"; };
/* End PBXFileReference section */

/* Begin PBXFrameworksBuildPhase section */
		AD6769D026380FA80029BFAB /* Frameworks */ = {
			isa = PBXFrameworksBuildPhase;
			buildActionMask = 2147483647;
			files = (
				AD676A55263843F20029BFAB /* Kingfisher in Frameworks */,
				AD676A5126383CD50029BFAB /* SnapKit in Frameworks */,
			);
			runOnlyForDeploymentPostprocessing = 0;
		};
/* End PBXFrameworksBuildPhase section */

/* Begin PBXGroup section */
		AD6769CA26380FA80029BFAB = {
			isa = PBXGroup;
			children = (
				AD6769D526380FA80029BFAB /* InnoTestDemoApp */,
				AD6769D426380FA80029BFAB /* Products */,
			);
			sourceTree = "<group>";
		};
		AD6769D426380FA80029BFAB /* Products */ = {
			isa = PBXGroup;
			children = (
				AD6769D326380FA80029BFAB /* InnoTestDemoApp.app */,
			);
			name = Products;
			sourceTree = "<group>";
		};
		AD6769D526380FA80029BFAB /* InnoTestDemoApp */ = {
			isa = PBXGroup;
			children = (
				AD6769D626380FA80029BFAB /* AppDelegate.swift */,
				AD6769D826380FA80029BFAB /* SceneDelegate.swift */,
				AD676A57263846CD0029BFAB /* Jsonplaceholder */,
				AD6769F626382C100029BFAB /* Service */,
				AD6769EE26382BD70029BFAB /* API */,
				AD676A3D26383A180029BFAB /* Extension */,
				AD6769DC26380FA80029BFAB /* Main.storyboard */,
				AD6769DF26380FA80029BFAB /* Assets.xcassets */,
				AD6769E126380FA80029BFAB /* LaunchScreen.storyboard */,
				AD6769E426380FA80029BFAB /* Info.plist */,
			);
			path = InnoTestDemoApp;
			sourceTree = "<group>";
		};
		AD6769EE26382BD70029BFAB /* API */ = {
			isa = PBXGroup;
			children = (
				AD676A21263832250029BFAB /* JsonplaceholderData.swift */,
				AD676A20263832250029BFAB /* JsonplaceholderRequest.swift */,
				AD6769EF26382BD70029BFAB /* ApiManager.swift */,
			);
			path = API;
			sourceTree = "<group>";
		};
		AD6769F626382C100029BFAB /* Service */ = {
			isa = PBXGroup;
			children = (
				AD6769F726382C100029BFAB /* APIError.swift */,
				AD6769F826382C100029BFAB /* Static Components */,
				AD6769FE26382C100029BFAB /* Observer */,
				AD676A0126382C100029BFAB /* Decisions */,
				AD676A0626382C100029BFAB /* Router.swift */,
			);
			path = Service;
			sourceTree = "<group>";
		};
		AD6769F826382C100029BFAB /* Static Components */ = {
			isa = PBXGroup;
			children = (
				AD6769F926382C100029BFAB /* NetworkRouter.swift */,
				AD6769FA26382C100029BFAB /* HTTPTask.swift */,
				AD6769FB26382C100029BFAB /* ParameterEncoding.swift */,
				AD6769FC26382C100029BFAB /* Decision.swift */,
				AD6769FD26382C100029BFAB /* Request.swift */,
			);
			path = "Static Components";
			sourceTree = "<group>";
		};
		AD6769FE26382C100029BFAB /* Observer */ = {
			isa = PBXGroup;
			children = (
				AD676A0026382C100029BFAB /* Observable.swift */,
			);
			path = Observer;
			sourceTree = "<group>";
		};
		AD676A0126382C100029BFAB /* Decisions */ = {
			isa = PBXGroup;
			children = (
				AD676A0226382C100029BFAB /* ParseResultDecision.swift */,
				AD676A0326382C100029BFAB /* RetryDecision.swift */,
				AD676A0426382C100029BFAB /* Decisions.swift */,
				AD676A0526382C100029BFAB /* BadResponseStatusCodeDecision.swift */,
			);
			path = Decisions;
			sourceTree = "<group>";
		};
		AD676A3D26383A180029BFAB /* Extension */ = {
			isa = PBXGroup;
			children = (
				AD676A3A26383A050029BFAB /* FCUITableView_Extension.swift */,
				AD676A37263839F30029BFAB /* UIViewExtensions.swift */,
				AD676A3F26383AAB0029BFAB /* Base */,
			);
			path = Extension;
			sourceTree = "<group>";
		};
		AD676A3F26383AAB0029BFAB /* Base */ = {
			isa = PBXGroup;
			children = (
				AD676A4026383AAB0029BFAB /* FCBaseDialog.swift */,
				AD676A4126383AAB0029BFAB /* FCBaseDialog.xib */,
				AD676A4526383AD10029BFAB /* LoadingDialog */,
			);
			path = Base;
			sourceTree = "<group>";
		};
		AD676A4526383AD10029BFAB /* LoadingDialog */ = {
			isa = PBXGroup;
			children = (
				AD676A4626383AD10029BFAB /* FCLoadingDialog.xib */,
				AD676A4726383AD10029BFAB /* FCLoadingDialog.swift */,
			);
			path = LoadingDialog;
			sourceTree = "<group>";
		};
		AD676A57263846CD0029BFAB /* Jsonplaceholder */ = {
			isa = PBXGroup;
			children = (
				AD676A592638470A0029BFAB /* ViewModel */,
				AD6769DA26380FA80029BFAB /* JsonplaceholderVC.swift */,
				AD676A34263839D10029BFAB /* JsonplaceholderTableViewCell.swift */,
			);
			path = Jsonplaceholder;
			sourceTree = "<group>";
		};
		AD676A592638470A0029BFAB /* ViewModel */ = {
			isa = PBXGroup;
			children = (
				AD676A4B26383C320029BFAB /* TableViewModel.swift */,
				AD676A2F263835A50029BFAB /* ViewModel.swift */,
			);
			path = ViewModel;
			sourceTree = "<group>";
		};
/* End PBXGroup section */

/* Begin PBXNativeTarget section */
		AD6769D226380FA80029BFAB /* InnoTestDemoApp */ = {
			isa = PBXNativeTarget;
			buildConfigurationList = AD6769E726380FA80029BFAB /* Build configuration list for PBXNativeTarget "InnoTestDemoApp" */;
			buildPhases = (
				AD6769CF26380FA80029BFAB /* Sources */,
				AD6769D026380FA80029BFAB /* Frameworks */,
				AD6769D126380FA80029BFAB /* Resources */,
			);
			buildRules = (
			);
			dependencies = (
			);
			name = InnoTestDemoApp;
			packageProductDependencies = (
				AD676A5026383CD50029BFAB /* SnapKit */,
				AD676A54263843F20029BFAB /* Kingfisher */,
			);
			productName = InnoTestDemoApp;
			productReference = AD6769D326380FA80029BFAB /* InnoTestDemoApp.app */;
			productType = "com.apple.product-type.application";
		};
/* End PBXNativeTarget section */

/* Begin PBXProject section */
		AD6769CB26380FA80029BFAB /* Project object */ = {
			isa = PBXProject;
			attributes = {
				LastSwiftUpdateCheck = 1240;
				LastUpgradeCheck = 1240;
				TargetAttributes = {
					AD6769D226380FA80029BFAB = {
						CreatedOnToolsVersion = 12.4;
					};
				};
			};
			buildConfigurationList = AD6769CE26380FA80029BFAB /* Build configuration list for PBXProject "InnoTestDemoApp" */;
			compatibilityVersion = "Xcode 9.3";
			developmentRegion = en;
			hasScannedForEncodings = 0;
			knownRegions = (
				en,
				Base,
			);
			mainGroup = AD6769CA26380FA80029BFAB;
			packageReferences = (
				AD676A4F26383CD50029BFAB /* XCRemoteSwiftPackageReference "SnapKit" */,
				AD676A53263843F20029BFAB /* XCRemoteSwiftPackageReference "Kingfisher" */,
			);
			productRefGroup = AD6769D426380FA80029BFAB /* Products */;
			projectDirPath = "";
			projectRoot = "";
			targets = (
				AD6769D226380FA80029BFAB /* InnoTestDemoApp */,
			);
		};
/* End PBXProject section */

/* Begin PBXResourcesBuildPhase section */
		AD6769D126380FA80029BFAB /* Resources */ = {
			isa = PBXResourcesBuildPhase;
			buildActionMask = 2147483647;
			files = (
				AD6769E326380FA80029BFAB /* LaunchScreen.storyboard in Resources */,
				AD676A4326383AAB0029BFAB /* FCBaseDialog.xib in Resources */,
				AD6769E026380FA80029BFAB /* Assets.xcassets in Resources */,
				AD6769DE26380FA80029BFAB /* Main.storyboard in Resources */,
				AD676A4826383AD10029BFAB /* FCLoadingDialog.xib in Resources */,
			);
			runOnlyForDeploymentPostprocessing = 0;
		};
/* End PBXResourcesBuildPhase section */

/* Begin PBXSourcesBuildPhase section */
		AD6769CF26380FA80029BFAB /* Sources */ = {
			isa = PBXSourcesBuildPhase;
			buildActionMask = 2147483647;
			files = (
				AD676A4926383AD10029BFAB /* FCLoadingDialog.swift in Sources */,
				AD676A38263839F30029BFAB /* UIViewExtensions.swift in Sources */,
				AD676A0B26382C100029BFAB /* Decision.swift in Sources */,
				AD676A1026382C100029BFAB /* RetryDecision.swift in Sources */,
				AD676A0C26382C100029BFAB /* Request.swift in Sources */,
				AD6769F226382BD70029BFAB /* ApiManager.swift in Sources */,
				AD676A3B26383A050029BFAB /* FCUITableView_Extension.swift in Sources */,
				AD676A0826382C100029BFAB /* NetworkRouter.swift in Sources */,
				AD676A1326382C100029BFAB /* Router.swift in Sources */,
				AD676A4226383AAB0029BFAB /* FCBaseDialog.swift in Sources */,
				AD676A4C26383C320029BFAB /* TableViewModel.swift in Sources */,
				AD676A23263832250029BFAB /* JsonplaceholderData.swift in Sources */,
				AD676A0A26382C100029BFAB /* ParameterEncoding.swift in Sources */,
				AD676A0926382C100029BFAB /* HTTPTask.swift in Sources */,
				AD676A30263835A50029BFAB /* ViewModel.swift in Sources */,
				AD676A35263839D10029BFAB /* JsonplaceholderTableViewCell.swift in Sources */,
				AD676A22263832250029BFAB /* JsonplaceholderRequest.swift in Sources */,
				AD676A1126382C100029BFAB /* Decisions.swift in Sources */,
				AD6769DB26380FA80029BFAB /* JsonplaceholderVC.swift in Sources */,
				AD676A1226382C100029BFAB /* BadResponseStatusCodeDecision.swift in Sources */,
				AD676A0E26382C100029BFAB /* Observable.swift in Sources */,
				AD6769D726380FA80029BFAB /* AppDelegate.swift in Sources */,
				AD6769D926380FA80029BFAB /* SceneDelegate.swift in Sources */,
				AD676A0726382C100029BFAB /* APIError.swift in Sources */,
				AD676A0F26382C100029BFAB /* ParseResultDecision.swift in Sources */,
			);
			runOnlyForDeploymentPostprocessing = 0;
		};
/* End PBXSourcesBuildPhase section */

/* Begin PBXVariantGroup section */
		AD6769DC26380FA80029BFAB /* Main.storyboard */ = {
			isa = PBXVariantGroup;
			children = (
				AD6769DD26380FA80029BFAB /* Base */,
			);
			name = Main.storyboard;
			sourceTree = "<group>";
		};
		AD6769E126380FA80029BFAB /* LaunchScreen.storyboard */ = {
			isa = PBXVariantGroup;
			children = (
				AD6769E226380FA80029BFAB /* Base */,
			);
			name = LaunchScreen.storyboard;
			sourceTree = "<group>";
		};
/* End PBXVariantGroup section */

/* Begin XCBuildConfiguration section */
		AD6769E526380FA80029BFAB /* Debug */ = {
			isa = XCBuildConfiguration;
			buildSettings = {
				ALWAYS_SEARCH_USER_PATHS = NO;
				CLANG_ANALYZER_NONNULL = YES;
				CLANG_ANALYZER_NUMBER_OBJECT_CONVERSION = YES_AGGRESSIVE;
				CLANG_CXX_LANGUAGE_STANDARD = "gnu++14";
				CLANG_CXX_LIBRARY = "libc++";
				CLANG_ENABLE_MODULES = YES;
				CLANG_ENABLE_OBJC_ARC = YES;
				CLANG_ENABLE_OBJC_WEAK = YES;
				CLANG_WARN_BLOCK_CAPTURE_AUTORELEASING = YES;
				CLANG_WARN_BOOL_CONVERSION = YES;
				CLANG_WARN_COMMA = YES;
				CLANG_WARN_CONSTANT_CONVERSION = YES;
				CLANG_WARN_DEPRECATED_OBJC_IMPLEMENTATIONS = YES;
				CLANG_WARN_DIRECT_OBJC_ISA_USAGE = YES_ERROR;
				CLANG_WARN_DOCUMENTATION_COMMENTS = YES;
				CLANG_WARN_EMPTY_BODY = YES;
				CLANG_WARN_ENUM_CONVERSION = YES;
				CLANG_WARN_INFINITE_RECURSION = YES;
				CLANG_WARN_INT_CONVERSION = YES;
				CLANG_WARN_NON_LITERAL_NULL_CONVERSION = YES;
				CLANG_WARN_OBJC_IMPLICIT_RETAIN_SELF = YES;
				CLANG_WARN_OBJC_LITERAL_CONVERSION = YES;
				CLANG_WARN_OBJC_ROOT_CLASS = YES_ERROR;
				CLANG_WARN_QUOTED_INCLUDE_IN_FRAMEWORK_HEADER = YES;
				CLANG_WARN_RANGE_LOOP_ANALYSIS = YES;
				CLANG_WARN_STRICT_PROTOTYPES = YES;
				CLANG_WARN_SUSPICIOUS_MOVE = YES;
				CLANG_WARN_UNGUARDED_AVAILABILITY = YES_AGGRESSIVE;
				CLANG_WARN_UNREACHABLE_CODE = YES;
				CLANG_WARN__DUPLICATE_METHOD_MATCH = YES;
				COPY_PHASE_STRIP = NO;
				DEBUG_INFORMATION_FORMAT = dwarf;
				ENABLE_STRICT_OBJC_MSGSEND = YES;
				ENABLE_TESTABILITY = YES;
				GCC_C_LANGUAGE_STANDARD = gnu11;
				GCC_DYNAMIC_NO_PIC = NO;
				GCC_NO_COMMON_BLOCKS = YES;
				GCC_OPTIMIZATION_LEVEL = 0;
				GCC_PREPROCESSOR_DEFINITIONS = (
					"DEBUG=1",
					"$(inherited)",
				);
				GCC_WARN_64_TO_32_BIT_CONVERSION = YES;
				GCC_WARN_ABOUT_RETURN_TYPE = YES_ERROR;
				GCC_WARN_UNDECLARED_SELECTOR = YES;
				GCC_WARN_UNINITIALIZED_AUTOS = YES_AGGRESSIVE;
				GCC_WARN_UNUSED_FUNCTION = YES;
				GCC_WARN_UNUSED_VARIABLE = YES;
				IPHONEOS_DEPLOYMENT_TARGET = 13.0;
				MTL_ENABLE_DEBUG_INFO = INCLUDE_SOURCE;
				MTL_FAST_MATH = YES;
				ONLY_ACTIVE_ARCH = YES;
				SDKROOT = iphoneos;
				SWIFT_ACTIVE_COMPILATION_CONDITIONS = DEBUG;
				SWIFT_OPTIMIZATION_LEVEL = "-Onone";
			};
			name = Debug;
		};
		AD6769E626380FA80029BFAB /* Release */ = {
			isa = XCBuildConfiguration;
			buildSettings = {
				ALWAYS_SEARCH_USER_PATHS = NO;
				CLANG_ANALYZER_NONNULL = YES;
				CLANG_ANALYZER_NUMBER_OBJECT_CONVERSION = YES_AGGRESSIVE;
				CLANG_CXX_LANGUAGE_STANDARD = "gnu++14";
				CLANG_CXX_LIBRARY = "libc++";
				CLANG_ENABLE_MODULES = YES;
				CLANG_ENABLE_OBJC_ARC = YES;
				CLANG_ENABLE_OBJC_WEAK = YES;
				CLANG_WARN_BLOCK_CAPTURE_AUTORELEASING = YES;
				CLANG_WARN_BOOL_CONVERSION = YES;
				CLANG_WARN_COMMA = YES;
				CLANG_WARN_CONSTANT_CONVERSION = YES;
				CLANG_WARN_DEPRECATED_OBJC_IMPLEMENTATIONS = YES;
				CLANG_WARN_DIRECT_OBJC_ISA_USAGE = YES_ERROR;
				CLANG_WARN_DOCUMENTATION_COMMENTS = YES;
				CLANG_WARN_EMPTY_BODY = YES;
				CLANG_WARN_ENUM_CONVERSION = YES;
				CLANG_WARN_INFINITE_RECURSION = YES;
				CLANG_WARN_INT_CONVERSION = YES;
				CLANG_WARN_NON_LITERAL_NULL_CONVERSION = YES;
				CLANG_WARN_OBJC_IMPLICIT_RETAIN_SELF = YES;
				CLANG_WARN_OBJC_LITERAL_CONVERSION = YES;
				CLANG_WARN_OBJC_ROOT_CLASS = YES_ERROR;
				CLANG_WARN_QUOTED_INCLUDE_IN_FRAMEWORK_HEADER = YES;
				CLANG_WARN_RANGE_LOOP_ANALYSIS = YES;
				CLANG_WARN_STRICT_PROTOTYPES = YES;
				CLANG_WARN_SUSPICIOUS_MOVE = YES;
				CLANG_WARN_UNGUARDED_AVAILABILITY = YES_AGGRESSIVE;
				CLANG_WARN_UNREACHABLE_CODE = YES;
				CLANG_WARN__DUPLICATE_METHOD_MATCH = YES;
				COPY_PHASE_STRIP = NO;
				DEBUG_INFORMATION_FORMAT = "dwarf-with-dsym";
				ENABLE_NS_ASSERTIONS = NO;
				ENABLE_STRICT_OBJC_MSGSEND = YES;
				GCC_C_LANGUAGE_STANDARD = gnu11;
				GCC_NO_COMMON_BLOCKS = YES;
				GCC_WARN_64_TO_32_BIT_CONVERSION = YES;
				GCC_WARN_ABOUT_RETURN_TYPE = YES_ERROR;
				GCC_WARN_UNDECLARED_SELECTOR = YES;
				GCC_WARN_UNINITIALIZED_AUTOS = YES_AGGRESSIVE;
				GCC_WARN_UNUSED_FUNCTION = YES;
				GCC_WARN_UNUSED_VARIABLE = YES;
				IPHONEOS_DEPLOYMENT_TARGET = 13.0;
				MTL_ENABLE_DEBUG_INFO = NO;
				MTL_FAST_MATH = YES;
				SDKROOT = iphoneos;
				SWIFT_COMPILATION_MODE = wholemodule;
				SWIFT_OPTIMIZATION_LEVEL = "-O";
				VALIDATE_PRODUCT = YES;
			};
			name = Release;
		};
		AD6769E826380FA80029BFAB /* Debug */ = {
			isa = XCBuildConfiguration;
			buildSettings = {
				ASSETCATALOG_COMPILER_APPICON_NAME = AppIcon;
				ASSETCATALOG_COMPILER_GLOBAL_ACCENT_COLOR_NAME = AccentColor;
				CODE_SIGN_STYLE = Automatic;
				DEVELOPMENT_TEAM = GB8URDLYB2;
				INFOPLIST_FILE = InnoTestDemoApp/Info.plist;
				LD_RUNPATH_SEARCH_PATHS = (
					"$(inherited)",
					"@executable_path/Frameworks",
				);
				PRODUCT_BUNDLE_IDENTIFIER = com.MH.InnoTestDemoApp;
				PRODUCT_NAME = "$(TARGET_NAME)";
				SWIFT_VERSION = 5.0;
				TARGETED_DEVICE_FAMILY = "1,2";
			};
			name = Debug;
		};
		AD6769E926380FA80029BFAB /* Release */ = {
			isa = XCBuildConfiguration;
			buildSettings = {
				ASSETCATALOG_COMPILER_APPICON_NAME = AppIcon;
				ASSETCATALOG_COMPILER_GLOBAL_ACCENT_COLOR_NAME = AccentColor;
				CODE_SIGN_STYLE = Automatic;
				DEVELOPMENT_TEAM = GB8URDLYB2;
				INFOPLIST_FILE = InnoTestDemoApp/Info.plist;
				LD_RUNPATH_SEARCH_PATHS = (
					"$(inherited)",
					"@executable_path/Frameworks",
				);
				PRODUCT_BUNDLE_IDENTIFIER = com.MH.InnoTestDemoApp;
				PRODUCT_NAME = "$(TARGET_NAME)";
				SWIFT_VERSION = 5.0;
				TARGETED_DEVICE_FAMILY = "1,2";
			};
			name = Release;
		};
/* End XCBuildConfiguration section */

/* Begin XCConfigurationList section */
		AD6769CE26380FA80029BFAB /* Build configuration list for PBXProject "InnoTestDemoApp" */ = {
			isa = XCConfigurationList;
			buildConfigurations = (
				AD6769E526380FA80029BFAB /* Debug */,
				AD6769E626380FA80029BFAB /* Release */,
			);
			defaultConfigurationIsVisible = 0;
			defaultConfigurationName = Release;
		};
		AD6769E726380FA80029BFAB /* Build configuration list for PBXNativeTarget "InnoTestDemoApp" */ = {
			isa = XCConfigurationList;
			buildConfigurations = (
				AD6769E826380FA80029BFAB /* Debug */,
				AD6769E926380FA80029BFAB /* Release */,
			);
			defaultConfigurationIsVisible = 0;
			defaultConfigurationName = Release;
		};
/* End XCConfigurationList section */

/* Begin XCRemoteSwiftPackageReference section */
		AD676A4F26383CD50029BFAB /* XCRemoteSwiftPackageReference "SnapKit" */ = {
			isa = XCRemoteSwiftPackageReference;
			repositoryURL = "https://github.com/SnapKit/SnapKit";
			requirement = {
				kind = upToNextMajorVersion;
				minimumVersion = 5.0.1;
			};
		};
		AD676A53263843F20029BFAB /* XCRemoteSwiftPackageReference "Kingfisher" */ = {
			isa = XCRemoteSwiftPackageReference;
			repositoryURL = "https://github.com/onevcat/Kingfisher";
			requirement = {
				kind = upToNextMajorVersion;
				minimumVersion = 6.3.0;
			};
		};
/* End XCRemoteSwiftPackageReference section */

/* Begin XCSwiftPackageProductDependency section */
		AD676A5026383CD50029BFAB /* SnapKit */ = {
			isa = XCSwiftPackageProductDependency;
			package = AD676A4F26383CD50029BFAB /* XCRemoteSwiftPackageReference "SnapKit" */;
			productName = SnapKit;
		};
		AD676A54263843F20029BFAB /* Kingfisher */ = {
			isa = XCSwiftPackageProductDependency;
			package = AD676A53263843F20029BFAB /* XCRemoteSwiftPackageReference "Kingfisher" */;
			productName = Kingfisher;
		};
/* End XCSwiftPackageProductDependency section */
	};
	rootObject = AD6769CB26380FA80029BFAB /* Project object */;
}
